{
  "name": "passto-pi-frame",
  "lockfileVersion": 3,
  "requires": true,
  "packages": {
    "": {
      "name": "passto-pi-frame",
      "dependencies": {
        "typebox": "^1.1.33"
      }
    },
    "node_modules/typebox": {
      "version": "1.1.33",
      "resolved": "https://registry.npmjs.org/typebox/-/typebox-1.1.33.tgz",
      "integrity": "sha512-+/MWwlQ1q2GSVwoxi/+u5JsHkgLQKcCN2Nsjree9c+K7GJu40qbaHrFETmfV1i9Fs1TcOVfynW+jJvIWcXtvjw==",
      "license": "MIT"
    }
  }
}
